
Microsoft Visual Studio Solution File, Format Version 12.00
# Visual Studio Version 17
VisualStudioVersion = 17.0.31903.59
MinimumVisualStudioVersion = 10.0.40219.1
Project("{FAE04EC0-301F-11D3-BF4B-00C04F79EFBC}") = "TextSearch.Lib", "src\TextSearch.Lib\TextSearch.Lib.csproj", "{4E5C34F2-8228-492F-870C-AF5C88290D6F}"
EndProject
Project("{FAE04EC0-301F-11D3-BF4B-00C04F79EFBC}") = "TextSearch.Lib.Tests", "tests\TextSearch.Lib.Tests\TextSearch.Lib.Tests.csproj", "{A55DCE41-356D-461E-B043-5C3854E2B809}"
EndProject
Project("{FAE04EC0-301F-11D3-BF4B-00C04F79EFBC}") = "TextSearch.Lib.Benchmark", "src\TextSearch.Lib.Benchmark\TextSearch.Lib.Benchmark.csproj", "{2095F215-38C9-4C69-A78D-23884450A16B}"
EndProject
Global
	GlobalSection(SolutionConfigurationPlatforms) = preSolution
		Debug|Any CPU = Debug|Any CPU
		Release|Any CPU = Release|Any CPU
	EndGlobalSection
	GlobalSection(ProjectConfigurationPlatforms) = postSolution
		{4E5C34F2-8228-492F-870C-AF5C88290D6F}.Debug|Any CPU.ActiveCfg = Debug|Any CPU
		{4E5C34F2-8228-492F-870C-AF5C88290D6F}.Debug|Any CPU.Build.0 = Debug|Any CPU
		{4E5C34F2-8228-492F-870C-AF5C88290D6F}.Release|Any CPU.ActiveCfg = Release|Any CPU
		{4E5C34F2-8228-492F-870C-AF5C88290D6F}.Release|Any CPU.Build.0 = Release|Any CPU
		{A55DCE41-356D-461E-B043-5C3854E2B809}.Debug|Any CPU.ActiveCfg = Debug|Any CPU
		{A55DCE41-356D-461E-B043-5C3854E2B809}.Debug|Any CPU.Build.0 = Debug|Any CPU
		{A55DCE41-356D-461E-B043-5C3854E2B809}.Release|Any CPU.ActiveCfg = Release|Any CPU
		{A55DCE41-356D-461E-B043-5C3854E2B809}.Release|Any CPU.Build.0 = Release|Any CPU
		{2095F215-38C9-4C69-A78D-23884450A16B}.Debug|Any CPU.ActiveCfg = Debug|Any CPU
		{2095F215-38C9-4C69-A78D-23884450A16B}.Debug|Any CPU.Build.0 = Debug|Any CPU
		{2095F215-38C9-4C69-A78D-23884450A16B}.Release|Any CPU.ActiveCfg = Release|Any CPU
		{2095F215-38C9-4C69-A78D-23884450A16B}.Release|Any CPU.Build.0 = Release|Any CPU
	EndGlobalSection
	GlobalSection(SolutionProperties) = preSolution
		HideSolutionNode = FALSE
	EndGlobalSection
	GlobalSection(ExtensibilityGlobals) = postSolution
		SolutionGuid = {2EE95869-5E5C-4595-9BB5-8F41D3EB4A22}
	EndGlobalSection
EndGlobal
